
Microsoft Visual Studio Solution File, Format Version 12.00
Project("{FAE04EC0-301F-11D3-BF4B-00C04F79EFBC}") = "MMME.Api", "MMME.Api\MMME.Api.csproj", "{178390A8-4647-45A4-AE61-12E7CB6ED39C}"
EndProject
Project("{FAE04EC0-301F-11D3-BF4B-00C04F79EFBC}") = "MMME.Common", "MMME.Common\MMME.Common.csproj", "{008AFED3-2CF8-4BE6-B659-D8A86D3F381C}"
EndProject
Project("{2150E333-8FDC-42A3-9474-1A3956D46DE8}") = "MMME.Module1", "MMME.Module1", "{A446F86C-4B04-4AAE-B603-6839F2072ECC}"
EndProject
Project("{FAE04EC0-301F-11D3-BF4B-00C04F79EFBC}") = "MMME.Module1.Domain", "MMME.Module1\MMME.Module1.Domain\MMME.Module1.Domain.csproj", "{7B3A3C4E-6C6D-428B-B0E5-6B315FE2695D}"
EndProject
Project("{FAE04EC0-301F-11D3-BF4B-00C04F79EFBC}") = "MMME.Module1.Application", "MMME.Module1\MMME.Module1.Application\MMME.Module1.Application.csproj", "{806D8C4B-B90D-46FD-848B-ACA5770D33C7}"
EndProject
Project("{FAE04EC0-301F-11D3-BF4B-00C04F79EFBC}") = "MMME.Module1.Infrastructure", "MMME.Module1\MMME.Module1.Infrastructure\MMME.Module1.Infrastructure.csproj", "{2CA9D459-3520-4804-B713-DA56552FECD6}"
EndProject
Project("{FAE04EC0-301F-11D3-BF4B-00C04F79EFBC}") = "MMME.Module1.Presentation", "MMME.Module1\MMME.Module1.Presentation\MMME.Module1.Presentation.csproj", "{919589B3-C09D-480A-BB72-2FA44AACABC9}"
EndProject
Global
	GlobalSection(SolutionConfigurationPlatforms) = preSolution
		Debug|Any CPU = Debug|Any CPU
		Release|Any CPU = Release|Any CPU
	EndGlobalSection
	GlobalSection(ProjectConfigurationPlatforms) = postSolution
		{008AFED3-2CF8-4BE6-B659-D8A86D3F381C}.Debug|Any CPU.ActiveCfg = Debug|Any CPU
		{008AFED3-2CF8-4BE6-B659-D8A86D3F381C}.Release|Any CPU.ActiveCfg = Release|Any CPU
		{008AFED3-2CF8-4BE6-B659-D8A86D3F381C}.Release|Any CPU.Build.0 = Release|Any CPU
		{008AFED3-2CF8-4BE6-B659-D8A86D3F381C}.Debug|Any CPU.Build.0 = Debug|Any CPU
		{7B3A3C4E-6C6D-428B-B0E5-6B315FE2695D}.Debug|Any CPU.ActiveCfg = Debug|Any CPU
		{7B3A3C4E-6C6D-428B-B0E5-6B315FE2695D}.Release|Any CPU.ActiveCfg = Release|Any CPU
		{7B3A3C4E-6C6D-428B-B0E5-6B315FE2695D}.Release|Any CPU.Build.0 = Release|Any CPU
		{7B3A3C4E-6C6D-428B-B0E5-6B315FE2695D}.Debug|Any CPU.Build.0 = Debug|Any CPU
		{806D8C4B-B90D-46FD-848B-ACA5770D33C7}.Debug|Any CPU.ActiveCfg = Debug|Any CPU
		{806D8C4B-B90D-46FD-848B-ACA5770D33C7}.Release|Any CPU.ActiveCfg = Release|Any CPU
		{806D8C4B-B90D-46FD-848B-ACA5770D33C7}.Release|Any CPU.Build.0 = Release|Any CPU
		{806D8C4B-B90D-46FD-848B-ACA5770D33C7}.Debug|Any CPU.Build.0 = Debug|Any CPU
		{2CA9D459-3520-4804-B713-DA56552FECD6}.Debug|Any CPU.ActiveCfg = Debug|Any CPU
		{2CA9D459-3520-4804-B713-DA56552FECD6}.Release|Any CPU.ActiveCfg = Release|Any CPU
		{2CA9D459-3520-4804-B713-DA56552FECD6}.Release|Any CPU.Build.0 = Release|Any CPU
		{2CA9D459-3520-4804-B713-DA56552FECD6}.Debug|Any CPU.Build.0 = Debug|Any CPU
		{919589B3-C09D-480A-BB72-2FA44AACABC9}.Debug|Any CPU.ActiveCfg = Debug|Any CPU
		{919589B3-C09D-480A-BB72-2FA44AACABC9}.Release|Any CPU.ActiveCfg = Release|Any CPU
		{919589B3-C09D-480A-BB72-2FA44AACABC9}.Release|Any CPU.Build.0 = Release|Any CPU
		{919589B3-C09D-480A-BB72-2FA44AACABC9}.Debug|Any CPU.Build.0 = Debug|Any CPU
		{178390A8-4647-45A4-AE61-12E7CB6ED39C}.Debug|Any CPU.ActiveCfg = Debug|Any CPU
		{178390A8-4647-45A4-AE61-12E7CB6ED39C}.Debug|Any CPU.Build.0 = Debug|Any CPU
		{178390A8-4647-45A4-AE61-12E7CB6ED39C}.Release|Any CPU.ActiveCfg = Release|Any CPU
		{178390A8-4647-45A4-AE61-12E7CB6ED39C}.Release|Any CPU.Build.0 = Release|Any CPU
	EndGlobalSection
	GlobalSection(NestedProjects) = preSolution
		{7B3A3C4E-6C6D-428B-B0E5-6B315FE2695D} = {A446F86C-4B04-4AAE-B603-6839F2072ECC}
		{806D8C4B-B90D-46FD-848B-ACA5770D33C7} = {A446F86C-4B04-4AAE-B603-6839F2072ECC}
		{2CA9D459-3520-4804-B713-DA56552FECD6} = {A446F86C-4B04-4AAE-B603-6839F2072ECC}
		{919589B3-C09D-480A-BB72-2FA44AACABC9} = {A446F86C-4B04-4AAE-B603-6839F2072ECC}
	EndGlobalSection
EndGlobal
